// !$*UTF8*$!
{
	archiveVersion = 1;
	classes = {
	};
	objectVersion = 50;
	objects = {

/* Begin PBXBuildFile section */
		4C8F5A9326D746A900AAB1B4 /* BarcodeApp.swift in Sources */ = {isa = PBXBuildFile; fileRef = 4C8F5A9226D746A900AAB1B4 /* BarcodeApp.swift */; };
		4C8F5A9526D746A900AAB1B4 /* BarcodeScannerView.swift in Sources */ = {isa = PBXBuildFile; fileRef = 4C8F5A9426D746A900AAB1B4 /* BarcodeScannerView.swift */; };
		4C8F5A9726D746AD00AAB1B4 /* Assets.xcassets in Resources */ = {isa = PBXBuildFile; fileRef = 4C8F5A9626D746AD00AAB1B4 /* Assets.xcassets */; };
		4C8F5A9A26D746AD00AAB1B4 /* Preview Assets.xcassets in Resources */ = {isa = PBXBuildFile; fileRef = 4C8F5A9926D746AD00AAB1B4 /* Preview Assets.xcassets */; };
		4C8F5AA226D74DFF00AAB1B4 /* ScannerVC.swift in Sources */ = {isa = PBXBuildFile; fileRef = 4C8F5AA126D74DFF00AAB1B4 /* ScannerVC.swift */; };
		4C8F5AA426D754AC00AAB1B4 /* ScannerView.swift in Sources */ = {isa = PBXBuildFile; fileRef = 4C8F5AA326D754AC00AAB1B4 /* ScannerView.swift */; };
		4C8F5AA626D75FF600AAB1B4 /* Alert.swift in Sources */ = {isa = PBXBuildFile; fileRef = 4C8F5AA526D75FF600AAB1B4 /* Alert.swift */; };
		4C8F5AA826D7604C00AAB1B4 /* BarcodeScannerViewModel.swift in Sources */ = {isa = PBXBuildFile; fileRef = 4C8F5AA726D7604C00AAB1B4 /* BarcodeScannerViewModel.swift */; };
/* End PBXBuildFile section */

/* Begin PBXFileReference section */
		4C8F5A8F26D746A900AAB1B4 /* Barcode.app */ = {isa = PBXFileReference; explicitFileType = wrapper.application; includeInIndex = 0; path = Barcode.app; sourceTree = BUILT_PRODUCTS_DIR; };
		4C8F5A9226D746A900AAB1B4 /* BarcodeApp.swift */ = {isa = PBXFileReference; lastKnownFileType = sourcecode.swift; path = BarcodeApp.swift; sourceTree = "<group>"; };
		4C8F5A9426D746A900AAB1B4 /* BarcodeScannerView.swift */ = {isa = PBXFileReference; lastKnownFileType = sourcecode.swift; path = BarcodeScannerView.swift; sourceTree = "<group>"; };
		4C8F5A9626D746AD00AAB1B4 /* Assets.xcassets */ = {isa = PBXFileReference; lastKnownFileType = folder.assetcatalog; path = Assets.xcassets; sourceTree = "<group>"; };
		4C8F5A9926D746AD00AAB1B4 /* Preview Assets.xcassets */ = {isa = PBXFileReference; lastKnownFileType = folder.assetcatalog; path = "Preview Assets.xcassets"; sourceTree = "<group>"; };
		4C8F5A9B26D746AD00AAB1B4 /* Info.plist */ = {isa = PBXFileReference; lastKnownFileType = text.plist.xml; path = Info.plist; sourceTree = "<group>"; };
		4C8F5AA126D74DFF00AAB1B4 /* ScannerVC.swift */ = {isa = PBXFileReference; lastKnownFileType = sourcecode.swift; path = ScannerVC.swift; sourceTree = "<group>"; };
		4C8F5AA326D754AC00AAB1B4 /* ScannerView.swift */ = {isa = PBXFileReference; lastKnownFileType = sourcecode.swift; path = ScannerView.swift; sourceTree = "<group>"; };
		4C8F5AA526D75FF600AAB1B4 /* Alert.swift */ = {isa = PBXFileReference; lastKnownFileType = sourcecode.swift; path = Alert.swift; sourceTree = "<group>"; };
		4C8F5AA726D7604C00AAB1B4 /* BarcodeScannerViewModel.swift */ = {isa = PBXFileReference; lastKnownFileType = sourcecode.swift; path = BarcodeScannerViewModel.swift; sourceTree = "<group>"; };
/* End PBXFileReference section */

/* Begin PBXFrameworksBuildPhase section */
		4C8F5A8C26D746A900AAB1B4 /* Frameworks */ = {
			isa = PBXFrameworksBuildPhase;
			buildActionMask = 2147483647;
			files = (
			);
			runOnlyForDeploymentPostprocessing = 0;
		};
/* End PBXFrameworksBuildPhase section */

/* Begin PBXGroup section */
		4C8F5A8626D746A900AAB1B4 = {
			isa = PBXGroup;
			children = (
				4C8F5A9126D746A900AAB1B4 /* Barcode */,
				4C8F5A9026D746A900AAB1B4 /* Products */,
			);
			sourceTree = "<group>";
		};
		4C8F5A9026D746A900AAB1B4 /* Products */ = {
			isa = PBXGroup;
			children = (
				4C8F5A8F26D746A900AAB1B4 /* Barcode.app */,
			);
			name = Products;
			sourceTree = "<group>";
		};
		4C8F5A9126D746A900AAB1B4 /* Barcode */ = {
			isa = PBXGroup;
			children = (
				4C8F5AAD26D763FC00AAB1B4 /* Utilities */,
				4C8F5AAB26D763D600AAB1B4 /* Views */,
				4C8F5AA926D763B300AAB1B4 /* Screens */,
				4C8F5A9226D746A900AAB1B4 /* BarcodeApp.swift */,
				4C8F5A9626D746AD00AAB1B4 /* Assets.xcassets */,
				4C8F5A9B26D746AD00AAB1B4 /* Info.plist */,
				4C8F5A9826D746AD00AAB1B4 /* Preview Content */,
			);
			path = Barcode;
			sourceTree = "<group>";
		};
		4C8F5A9826D746AD00AAB1B4 /* Preview Content */ = {
			isa = PBXGroup;
			children = (
				4C8F5A9926D746AD00AAB1B4 /* Preview Assets.xcassets */,
			);
			path = "Preview Content";
			sourceTree = "<group>";
		};
		4C8F5AA926D763B300AAB1B4 /* Screens */ = {
			isa = PBXGroup;
			children = (
				4C8F5AAA26D763BA00AAB1B4 /* BarcodeScanner */,
			);
			path = Screens;
			sourceTree = "<group>";
		};
		4C8F5AAA26D763BA00AAB1B4 /* BarcodeScanner */ = {
			isa = PBXGroup;
			children = (
				4C8F5AA726D7604C00AAB1B4 /* BarcodeScannerViewModel.swift */,
				4C8F5A9426D746A900AAB1B4 /* BarcodeScannerView.swift */,
			);
			path = BarcodeScanner;
			sourceTree = "<group>";
		};
		4C8F5AAB26D763D600AAB1B4 /* Views */ = {
			isa = PBXGroup;
			children = (
				4C8F5AAC26D763DC00AAB1B4 /* UIKit Components */,
			);
			path = Views;
			sourceTree = "<group>";
		};
		4C8F5AAC26D763DC00AAB1B4 /* UIKit Components */ = {
			isa = PBXGroup;
			children = (
				4C8F5AA126D74DFF00AAB1B4 /* ScannerVC.swift */,
				4C8F5AA326D754AC00AAB1B4 /* ScannerView.swift */,
			);
			path = "UIKit Components";
			sourceTree = "<group>";
		};
		4C8F5AAD26D763FC00AAB1B4 /* Utilities */ = {
			isa = PBXGroup;
			children = (
				4C8F5AA526D75FF600AAB1B4 /* Alert.swift */,
			);
			path = Utilities;
			sourceTree = "<group>";
		};
/* End PBXGroup section */

/* Begin PBXNativeTarget section */
		4C8F5A8E26D746A900AAB1B4 /* Barcode */ = {
			isa = PBXNativeTarget;
			buildConfigurationList = 4C8F5A9E26D746AD00AAB1B4 /* Build configuration list for PBXNativeTarget "Barcode" */;
			buildPhases = (
				4C8F5A8B26D746A900AAB1B4 /* Sources */,
				4C8F5A8C26D746A900AAB1B4 /* Frameworks */,
				4C8F5A8D26D746A900AAB1B4 /* Resources */,
			);
			buildRules = (
			);
			dependencies = (
			);
			name = Barcode;
			productName = Barcode;
			productReference = 4C8F5A8F26D746A900AAB1B4 /* Barcode.app */;
			productType = "com.apple.product-type.application";
		};
/* End PBXNativeTarget section */

/* Begin PBXProject section */
		4C8F5A8726D746A900AAB1B4 /* Project object */ = {
			isa = PBXProject;
			attributes = {
				LastSwiftUpdateCheck = 1250;
				LastUpgradeCheck = 1250;
				TargetAttributes = {
					4C8F5A8E26D746A900AAB1B4 = {
						CreatedOnToolsVersion = 12.5.1;
					};
				};
			};
			buildConfigurationList = 4C8F5A8A26D746A900AAB1B4 /* Build configuration list for PBXProject "Barcode" */;
			compatibilityVersion = "Xcode 9.3";
			developmentRegion = en;
			hasScannedForEncodings = 0;
			knownRegions = (
				en,
				Base,
			);
			mainGroup = 4C8F5A8626D746A900AAB1B4;
			productRefGroup = 4C8F5A9026D746A900AAB1B4 /* Products */;
			projectDirPath = "";
			projectRoot = "";
			targets = (
				4C8F5A8E26D746A900AAB1B4 /* Barcode */,
			);
		};
/* End PBXProject section */

/* Begin PBXResourcesBuildPhase section */
		4C8F5A8D26D746A900AAB1B4 /* Resources */ = {
			isa = PBXResourcesBuildPhase;
			buildActionMask = 2147483647;
			files = (
				4C8F5A9A26D746AD00AAB1B4 /* Preview Assets.xcassets in Resources */,
				4C8F5A9726D746AD00AAB1B4 /* Assets.xcassets in Resources */,
			);
			runOnlyForDeploymentPostprocessing = 0;
		};
/* End PBXResourcesBuildPhase section */

/* Begin PBXSourcesBuildPhase section */
		4C8F5A8B26D746A900AAB1B4 /* Sources */ = {
			isa = PBXSourcesBuildPhase;
			buildActionMask = 2147483647;
			files = (
				4C8F5AA826D7604C00AAB1B4 /* BarcodeScannerViewModel.swift in Sources */,
				4C8F5AA226D74DFF00AAB1B4 /* ScannerVC.swift in Sources */,
				4C8F5AA426D754AC00AAB1B4 /* ScannerView.swift in Sources */,
				4C8F5A9526D746A900AAB1B4 /* BarcodeScannerView.swift in Sources */,
				4C8F5AA626D75FF600AAB1B4 /* Alert.swift in Sources */,
				4C8F5A9326D746A900AAB1B4 /* BarcodeApp.swift in Sources */,
			);
			runOnlyForDeploymentPostprocessing = 0;
		};
/* End PBXSourcesBuildPhase section */

/* Begin XCBuildConfiguration section */
		4C8F5A9C26D746AD00AAB1B4 /* Debug */ = {
			isa = XCBuildConfiguration;
			buildSettings = {
				ALWAYS_SEARCH_USER_PATHS = NO;
				CLANG_ANALYZER_NONNULL = YES;
				CLANG_ANALYZER_NUMBER_OBJECT_CONVERSION = YES_AGGRESSIVE;
				CLANG_CXX_LANGUAGE_STANDARD = "gnu++14";
				CLANG_CXX_LIBRARY = "libc++";
				CLANG_ENABLE_MODULES = YES;
				CLANG_ENABLE_OBJC_ARC = YES;
				CLANG_ENABLE_OBJC_WEAK = YES;
				CLANG_WARN_BLOCK_CAPTURE_AUTORELEASING = YES;
				CLANG_WARN_BOOL_CONVERSION = YES;
				CLANG_WARN_COMMA = YES;
				CLANG_WARN_CONSTANT_CONVERSION = YES;
				CLANG_WARN_DEPRECATED_OBJC_IMPLEMENTATIONS = YES;
				CLANG_WARN_DIRECT_OBJC_ISA_USAGE = YES_ERROR;
				CLANG_WARN_DOCUMENTATION_COMMENTS = YES;
				CLANG_WARN_EMPTY_BODY = YES;
				CLANG_WARN_ENUM_CONVERSION = YES;
				CLANG_WARN_INFINITE_RECURSION = YES;
				CLANG_WARN_INT_CONVERSION = YES;
				CLANG_WARN_NON_LITERAL_NULL_CONVERSION = YES;
				CLANG_WARN_OBJC_IMPLICIT_RETAIN_SELF = YES;
				CLANG_WARN_OBJC_LITERAL_CONVERSION = YES;
				CLANG_WARN_OBJC_ROOT_CLASS = YES_ERROR;
				CLANG_WARN_QUOTED_INCLUDE_IN_FRAMEWORK_HEADER = YES;
				CLANG_WARN_RANGE_LOOP_ANALYSIS = YES;
				CLANG_WARN_STRICT_PROTOTYPES = YES;
				CLANG_WARN_SUSPICIOUS_MOVE = YES;
				CLANG_WARN_UNGUARDED_AVAILABILITY = YES_AGGRESSIVE;
				CLANG_WARN_UNREACHABLE_CODE = YES;
				CLANG_WARN__DUPLICATE_METHOD_MATCH = YES;
				COPY_PHASE_STRIP = NO;
				DEBUG_INFORMATION_FORMAT = dwarf;
				ENABLE_STRICT_OBJC_MSGSEND = YES;
				ENABLE_TESTABILITY = YES;
				GCC_C_LANGUAGE_STANDARD = gnu11;
				GCC_DYNAMIC_NO_PIC = NO;
				GCC_NO_COMMON_BLOCKS = YES;
				GCC_OPTIMIZATION_LEVEL = 0;
				GCC_PREPROCESSOR_DEFINITIONS = (
					"DEBUG=1",
					"$(inherited)",
				);
				GCC_WARN_64_TO_32_BIT_CONVERSION = YES;
				GCC_WARN_ABOUT_RETURN_TYPE = YES_ERROR;
				GCC_WARN_UNDECLARED_SELECTOR = YES;
				GCC_WARN_UNINITIALIZED_AUTOS = YES_AGGRESSIVE;
				GCC_WARN_UNUSED_FUNCTION = YES;
				GCC_WARN_UNUSED_VARIABLE = YES;
				IPHONEOS_DEPLOYMENT_TARGET = 14.5;
				MTL_ENABLE_DEBUG_INFO = INCLUDE_SOURCE;
				MTL_FAST_MATH = YES;
				ONLY_ACTIVE_ARCH = YES;
				SDKROOT = iphoneos;
				SWIFT_ACTIVE_COMPILATION_CONDITIONS = DEBUG;
				SWIFT_OPTIMIZATION_LEVEL = "-Onone";
			};
			name = Debug;
		};
		4C8F5A9D26D746AD00AAB1B4 /* Release */ = {
			isa = XCBuildConfiguration;
			buildSettings = {
				ALWAYS_SEARCH_USER_PATHS = NO;
				CLANG_ANALYZER_NONNULL = YES;
				CLANG_ANALYZER_NUMBER_OBJECT_CONVERSION = YES_AGGRESSIVE;
				CLANG_CXX_LANGUAGE_STANDARD = "gnu++14";
				CLANG_CXX_LIBRARY = "libc++";
				CLANG_ENABLE_MODULES = YES;
				CLANG_ENABLE_OBJC_ARC = YES;
				CLANG_ENABLE_OBJC_WEAK = YES;
				CLANG_WARN_BLOCK_CAPTURE_AUTORELEASING = YES;
				CLANG_WARN_BOOL_CONVERSION = YES;
				CLANG_WARN_COMMA = YES;
				CLANG_WARN_CONSTANT_CONVERSION = YES;
				CLANG_WARN_DEPRECATED_OBJC_IMPLEMENTATIONS = YES;
				CLANG_WARN_DIRECT_OBJC_ISA_USAGE = YES_ERROR;
				CLANG_WARN_DOCUMENTATION_COMMENTS = YES;
				CLANG_WARN_EMPTY_BODY = YES;
				CLANG_WARN_ENUM_CONVERSION = YES;
				CLANG_WARN_INFINITE_RECURSION = YES;
				CLANG_WARN_INT_CONVERSION = YES;
				CLANG_WARN_NON_LITERAL_NULL_CONVERSION = YES;
				CLANG_WARN_OBJC_IMPLICIT_RETAIN_SELF = YES;
				CLANG_WARN_OBJC_LITERAL_CONVERSION = YES;
				CLANG_WARN_OBJC_ROOT_CLASS = YES_ERROR;
				CLANG_WARN_QUOTED_INCLUDE_IN_FRAMEWORK_HEADER = YES;
				CLANG_WARN_RANGE_LOOP_ANALYSIS = YES;
				CLANG_WARN_STRICT_PROTOTYPES = YES;
				CLANG_WARN_SUSPICIOUS_MOVE = YES;
				CLANG_WARN_UNGUARDED_AVAILABILITY = YES_AGGRESSIVE;
				CLANG_WARN_UNREACHABLE_CODE = YES;
				CLANG_WARN__DUPLICATE_METHOD_MATCH = YES;
				COPY_PHASE_STRIP = NO;
				DEBUG_INFORMATION_FORMAT = "dwarf-with-dsym";
				ENABLE_NS_ASSERTIONS = NO;
				ENABLE_STRICT_OBJC_MSGSEND = YES;
				GCC_C_LANGUAGE_STANDARD = gnu11;
				GCC_NO_COMMON_BLOCKS = YES;
				GCC_WARN_64_TO_32_BIT_CONVERSION = YES;
				GCC_WARN_ABOUT_RETURN_TYPE = YES_ERROR;
				GCC_WARN_UNDECLARED_SELECTOR = YES;
				GCC_WARN_UNINITIALIZED_AUTOS = YES_AGGRESSIVE;
				GCC_WARN_UNUSED_FUNCTION = YES;
				GCC_WARN_UNUSED_VARIABLE = YES;
				IPHONEOS_DEPLOYMENT_TARGET = 14.5;
				MTL_ENABLE_DEBUG_INFO = NO;
				MTL_FAST_MATH = YES;
				SDKROOT = iphoneos;
				SWIFT_COMPILATION_MODE = wholemodule;
				SWIFT_OPTIMIZATION_LEVEL = "-O";
				VALIDATE_PRODUCT = YES;
			};
			name = Release;
		};
		4C8F5A9F26D746AD00AAB1B4 /* Debug */ = {
			isa = XCBuildConfiguration;
			buildSettings = {
				ASSETCATALOG_COMPILER_APPICON_NAME = AppIcon;
				ASSETCATALOG_COMPILER_GLOBAL_ACCENT_COLOR_NAME = AccentColor;
				CODE_SIGN_IDENTITY = "iPhone Developer";
				CODE_SIGN_STYLE = Manual;
				DEVELOPMENT_ASSET_PATHS = "\"Barcode/Preview Content\"";
				DEVELOPMENT_TEAM = Y58Z2JJ8PD;
				ENABLE_PREVIEWS = YES;
				INFOPLIST_FILE = Barcode/Info.plist;
				IPHONEOS_DEPLOYMENT_TARGET = 14.0;
				LD_RUNPATH_SEARCH_PATHS = (
					"$(inherited)",
					"@executable_path/Frameworks",
				);
				PRODUCT_BUNDLE_IDENTIFIER = com.parkingpal.SwiftUIBarcode;
				PRODUCT_NAME = "$(TARGET_NAME)";
				PROVISIONING_PROFILE_SPECIFIER = "SwiftUI Barcode Provisioning Profile";
				SWIFT_VERSION = 5.0;
				TARGETED_DEVICE_FAMILY = "1,2";
			};
			name = Debug;
		};
		4C8F5AA026D746AD00AAB1B4 /* Release */ = {
			isa = XCBuildConfiguration;
			buildSettings = {
				ASSETCATALOG_COMPILER_APPICON_NAME = AppIcon;
				ASSETCATALOG_COMPILER_GLOBAL_ACCENT_COLOR_NAME = AccentColor;
				CODE_SIGN_IDENTITY = "iPhone Developer";
				CODE_SIGN_STYLE = Manual;
				DEVELOPMENT_ASSET_PATHS = "\"Barcode/Preview Content\"";
				DEVELOPMENT_TEAM = Y58Z2JJ8PD;
				ENABLE_PREVIEWS = YES;
				INFOPLIST_FILE = Barcode/Info.plist;
				IPHONEOS_DEPLOYMENT_TARGET = 14.0;
				LD_RUNPATH_SEARCH_PATHS = (
					"$(inherited)",
					"@executable_path/Frameworks",
				);
				PRODUCT_BUNDLE_IDENTIFIER = com.parkingpal.SwiftUIBarcode;
				PRODUCT_NAME = "$(TARGET_NAME)";
				PROVISIONING_PROFILE_SPECIFIER = "SwiftUI Barcode Provisioning Profile";
				SWIFT_VERSION = 5.0;
				TARGETED_DEVICE_FAMILY = "1,2";
			};
			name = Release;
		};
/* End XCBuildConfiguration section */

/* Begin XCConfigurationList section */
		4C8F5A8A26D746A900AAB1B4 /* Build configuration list for PBXProject "Barcode" */ = {
			isa = XCConfigurationList;
			buildConfigurations = (
				4C8F5A9C26D746AD00AAB1B4 /* Debug */,
				4C8F5A9D26D746AD00AAB1B4 /* Release */,
			);
			defaultConfigurationIsVisible = 0;
			defaultConfigurationName = Release;
		};
		4C8F5A9E26D746AD00AAB1B4 /* Build configuration list for PBXNativeTarget "Barcode" */ = {
			isa = XCConfigurationList;
			buildConfigurations = (
				4C8F5A9F26D746AD00AAB1B4 /* Debug */,
				4C8F5AA026D746AD00AAB1B4 /* Release */,
			);
			defaultConfigurationIsVisible = 0;
			defaultConfigurationName = Release;
		};
/* End XCConfigurationList section */
	};
	rootObject = 4C8F5A8726D746A900AAB1B4 /* Project object */;
}
